
Microsoft Visual Studio Solution File, Format Version 12.00
# Visual Studio Version 17
VisualStudioVersion = 17.0.31912.275
MinimumVisualStudioVersion = 10.0.40219.1
Project("{FAE04EC0-301F-11D3-BF4B-00C04F79EFBC}") = "EmiCalculator", "EmiCalculator\EmiCalculator.csproj", "{FEAC67E8-FF02-413D-9371-9679865A0388}"
EndProject
Global
	GlobalSection(SolutionConfigurationPlatforms) = preSolution
		Debug|Any CPU = Debug|Any CPU
		Release|Any CPU = Release|Any CPU
	EndGlobalSection
	GlobalSection(ProjectConfigurationPlatforms) = postSolution
		{FEAC67E8-FF02-413D-9371-9679865A0388}.Debug|Any CPU.ActiveCfg = Debug|Any CPU
		{FEAC67E8-FF02-413D-9371-9679865A0388}.Debug|Any CPU.Build.0 = Debug|Any CPU
		{FEAC67E8-FF02-413D-9371-9679865A0388}.Release|Any CPU.ActiveCfg = Release|Any CPU
		{FEAC67E8-FF02-413D-9371-9679865A0388}.Release|Any CPU.Build.0 = Release|Any CPU
	EndGlobalSection
	GlobalSection(SolutionProperties) = preSolution
		HideSolutionNode = FALSE
	EndGlobalSection
	GlobalSection(ExtensibilityGlobals) = postSolution
		SolutionGuid = {66609102-4D92-4F06-ABEA-00223D0F4794}
	EndGlobalSection
EndGlobal
